
Microsoft Visual Studio Solution File, Format Version 9.00
# Visual Studio 2005
Project("{FAE04EC0-301F-11D3-BF4B-00C04F79EFBC}") = "FluorineFx-2.0", "FluorineFx\FluorineFx-2.0.csproj", "{A9B8375B-579D-4F8A-B00C-F2828DB58F3A}"
	ProjectSection(WebsiteProperties) = preProject
		Debug.AspNetCompiler.Debug = "True"
		Release.AspNetCompiler.Debug = "False"
	EndProjectSection
EndProject
Project("{FAE04EC0-301F-11D3-BF4B-00C04F79EFBC}") = "FluorineFx.ServiceBrowser-2.0", "FluorineFx.ServiceBrowser\FluorineFx.ServiceBrowser-2.0.csproj", "{3EE02BF6-86F1-462A-A004-68EE85821360}"
	ProjectSection(WebsiteProperties) = preProject
		Debug.AspNetCompiler.Debug = "True"
		Release.AspNetCompiler.Debug = "False"
	EndProjectSection
EndProject
Project("{FAE04EC0-301F-11D3-BF4B-00C04F79EFBC}") = "FluorineFx.NMS-2.0", "FluorineFx.NMS\FluorineFx.NMS-2.0.csproj", "{2346EFCD-F0E6-48E1-8111-60E7E4DB3C61}"
	ProjectSection(WebsiteProperties) = preProject
		Debug.AspNetCompiler.Debug = "True"
		Release.AspNetCompiler.Debug = "False"
	EndProjectSection
EndProject
Project("{FAE04EC0-301F-11D3-BF4B-00C04F79EFBC}") = "PolicyServer", "PolicyServer\PolicyServer.csproj", "{09E4708F-276B-45C2-93BF-E626D46EE536}"
	ProjectSection(WebsiteProperties) = preProject
		Debug.AspNetCompiler.Debug = "True"
		Release.AspNetCompiler.Debug = "False"
	EndProjectSection
EndProject
Global
	GlobalSection(SolutionConfigurationPlatforms) = preSolution
		Debug|Any CPU = Debug|Any CPU
		Debug|Mixed Platforms = Debug|Mixed Platforms
		Debug|Win32 = Debug|Win32
		Debug|x86 = Debug|x86
		Release|Any CPU = Release|Any CPU
		Release|Mixed Platforms = Release|Mixed Platforms
		Release|Win32 = Release|Win32
		Release|x86 = Release|x86
	EndGlobalSection
	GlobalSection(ProjectConfigurationPlatforms) = postSolution
		{A9B8375B-579D-4F8A-B00C-F2828DB58F3A}.Debug|Any CPU.ActiveCfg = Debug|Any CPU
		{A9B8375B-579D-4F8A-B00C-F2828DB58F3A}.Debug|Any CPU.Build.0 = Debug|Any CPU
		{A9B8375B-579D-4F8A-B00C-F2828DB58F3A}.Debug|Mixed Platforms.ActiveCfg = Debug|Any CPU
		{A9B8375B-579D-4F8A-B00C-F2828DB58F3A}.Debug|Mixed Platforms.Build.0 = Debug|Any CPU
		{A9B8375B-579D-4F8A-B00C-F2828DB58F3A}.Debug|Win32.ActiveCfg = Debug|Any CPU
		{A9B8375B-579D-4F8A-B00C-F2828DB58F3A}.Debug|x86.ActiveCfg = Debug|x86
		{A9B8375B-579D-4F8A-B00C-F2828DB58F3A}.Debug|x86.Build.0 = Debug|x86
		{A9B8375B-579D-4F8A-B00C-F2828DB58F3A}.Release|Any CPU.ActiveCfg = Release|Any CPU
		{A9B8375B-579D-4F8A-B00C-F2828DB58F3A}.Release|Any CPU.Build.0 = Release|Any CPU
		{A9B8375B-579D-4F8A-B00C-F2828DB58F3A}.Release|Mixed Platforms.ActiveCfg = Release|Any CPU
		{A9B8375B-579D-4F8A-B00C-F2828DB58F3A}.Release|Mixed Platforms.Build.0 = Release|Any CPU
		{A9B8375B-579D-4F8A-B00C-F2828DB58F3A}.Release|Win32.ActiveCfg = Release|Any CPU
		{A9B8375B-579D-4F8A-B00C-F2828DB58F3A}.Release|x86.ActiveCfg = Release|x86
		{A9B8375B-579D-4F8A-B00C-F2828DB58F3A}.Release|x86.Build.0 = Release|x86
		{3EE02BF6-86F1-462A-A004-68EE85821360}.Debug|Any CPU.ActiveCfg = Debug|Any CPU
		{3EE02BF6-86F1-462A-A004-68EE85821360}.Debug|Any CPU.Build.0 = Debug|Any CPU
		{3EE02BF6-86F1-462A-A004-68EE85821360}.Debug|Mixed Platforms.ActiveCfg = Debug|Any CPU
		{3EE02BF6-86F1-462A-A004-68EE85821360}.Debug|Mixed Platforms.Build.0 = Debug|Any CPU
		{3EE02BF6-86F1-462A-A004-68EE85821360}.Debug|Win32.ActiveCfg = Debug|Any CPU
		{3EE02BF6-86F1-462A-A004-68EE85821360}.Debug|x86.ActiveCfg = Debug|Any CPU
		{3EE02BF6-86F1-462A-A004-68EE85821360}.Release|Any CPU.ActiveCfg = Release|Any CPU
		{3EE02BF6-86F1-462A-A004-68EE85821360}.Release|Any CPU.Build.0 = Release|Any CPU
		{3EE02BF6-86F1-462A-A004-68EE85821360}.Release|Mixed Platforms.ActiveCfg = Release|Any CPU
		{3EE02BF6-86F1-462A-A004-68EE85821360}.Release|Mixed Platforms.Build.0 = Release|Any CPU
		{3EE02BF6-86F1-462A-A004-68EE85821360}.Release|Win32.ActiveCfg = Release|Any CPU
		{3EE02BF6-86F1-462A-A004-68EE85821360}.Release|x86.ActiveCfg = Release|Any CPU
		{2346EFCD-F0E6-48E1-8111-60E7E4DB3C61}.Debug|Any CPU.ActiveCfg = Debug|Any CPU
		{2346EFCD-F0E6-48E1-8111-60E7E4DB3C61}.Debug|Any CPU.Build.0 = Debug|Any CPU
		{2346EFCD-F0E6-48E1-8111-60E7E4DB3C61}.Debug|Mixed Platforms.ActiveCfg = Debug|Any CPU
		{2346EFCD-F0E6-48E1-8111-60E7E4DB3C61}.Debug|Mixed Platforms.Build.0 = Debug|Any CPU
		{2346EFCD-F0E6-48E1-8111-60E7E4DB3C61}.Debug|Win32.ActiveCfg = Debug|Any CPU
		{2346EFCD-F0E6-48E1-8111-60E7E4DB3C61}.Debug|x86.ActiveCfg = Debug|x86
		{2346EFCD-F0E6-48E1-8111-60E7E4DB3C61}.Debug|x86.Build.0 = Debug|x86
		{2346EFCD-F0E6-48E1-8111-60E7E4DB3C61}.Release|Any CPU.ActiveCfg = Release|Any CPU
		{2346EFCD-F0E6-48E1-8111-60E7E4DB3C61}.Release|Any CPU.Build.0 = Release|Any CPU
		{2346EFCD-F0E6-48E1-8111-60E7E4DB3C61}.Release|Mixed Platforms.ActiveCfg = Release|Any CPU
		{2346EFCD-F0E6-48E1-8111-60E7E4DB3C61}.Release|Mixed Platforms.Build.0 = Release|Any CPU
		{2346EFCD-F0E6-48E1-8111-60E7E4DB3C61}.Release|Win32.ActiveCfg = Release|Any CPU
		{2346EFCD-F0E6-48E1-8111-60E7E4DB3C61}.Release|x86.ActiveCfg = Release|x86
		{2346EFCD-F0E6-48E1-8111-60E7E4DB3C61}.Release|x86.Build.0 = Release|x86
		{09E4708F-276B-45C2-93BF-E626D46EE536}.Debug|Any CPU.ActiveCfg = Debug|Any CPU
		{09E4708F-276B-45C2-93BF-E626D46EE536}.Debug|Any CPU.Build.0 = Debug|Any CPU
		{09E4708F-276B-45C2-93BF-E626D46EE536}.Debug|Mixed Platforms.ActiveCfg = Debug|x86
		{09E4708F-276B-45C2-93BF-E626D46EE536}.Debug|Mixed Platforms.Build.0 = Debug|x86
		{09E4708F-276B-45C2-93BF-E626D46EE536}.Debug|Win32.ActiveCfg = Debug|x86
		{09E4708F-276B-45C2-93BF-E626D46EE536}.Debug|x86.ActiveCfg = Debug|x86
		{09E4708F-276B-45C2-93BF-E626D46EE536}.Debug|x86.Build.0 = Debug|x86
		{09E4708F-276B-45C2-93BF-E626D46EE536}.Release|Any CPU.ActiveCfg = Release|Any CPU
		{09E4708F-276B-45C2-93BF-E626D46EE536}.Release|Any CPU.Build.0 = Release|Any CPU
		{09E4708F-276B-45C2-93BF-E626D46EE536}.Release|Mixed Platforms.ActiveCfg = Release|x86
		{09E4708F-276B-45C2-93BF-E626D46EE536}.Release|Mixed Platforms.Build.0 = Release|x86
		{09E4708F-276B-45C2-93BF-E626D46EE536}.Release|Win32.ActiveCfg = Release|x86
		{09E4708F-276B-45C2-93BF-E626D46EE536}.Release|x86.ActiveCfg = Release|x86
		{09E4708F-276B-45C2-93BF-E626D46EE536}.Release|x86.Build.0 = Release|x86
	EndGlobalSection
	GlobalSection(SolutionProperties) = preSolution
		HideSolutionNode = FALSE
	EndGlobalSection
EndGlobal
