Microsoft Visual Studio Solution File, Format Version 8.00
Project("{FAE04EC0-301F-11D3-BF4B-00C04F79EFBC}") = "FluorineFx-1.1", "FluorineFx\FluorineFx-1.1.csproj", "{6A3F235D-76F9-4F99-BAC7-F981B029D370}"
	ProjectSection(ProjectDependencies) = postProject
	EndProjectSection
EndProject
Project("{FAE04EC0-301F-11D3-BF4B-00C04F79EFBC}") = "FluorineFx.ServiceBrowser-1.1", "FluorineFx.ServiceBrowser\FluorineFx.ServiceBrowser-1.1.csproj", "{1AE104B2-9A6C-4E88-9416-BD57D1526F1F}"
	ProjectSection(ProjectDependencies) = postProject
	EndProjectSection
EndProject
Global
	GlobalSection(SolutionConfiguration) = preSolution
		Debug = Debug
		Release = Release
	EndGlobalSection
	GlobalSection(ProjectConfiguration) = postSolution
		{6A3F235D-76F9-4F99-BAC7-F981B029D370}.Debug.ActiveCfg = Debug|.NET
		{6A3F235D-76F9-4F99-BAC7-F981B029D370}.Debug.Build.0 = Debug|.NET
		{6A3F235D-76F9-4F99-BAC7-F981B029D370}.Release.ActiveCfg = Release|.NET
		{6A3F235D-76F9-4F99-BAC7-F981B029D370}.Release.Build.0 = Release|.NET
		{1AE104B2-9A6C-4E88-9416-BD57D1526F1F}.Debug.ActiveCfg = Debug|.NET
		{1AE104B2-9A6C-4E88-9416-BD57D1526F1F}.Debug.Build.0 = Debug|.NET
		{1AE104B2-9A6C-4E88-9416-BD57D1526F1F}.Release.ActiveCfg = Release|.NET
		{1AE104B2-9A6C-4E88-9416-BD57D1526F1F}.Release.Build.0 = Release|.NET
	EndGlobalSection
	GlobalSection(ExtensibilityGlobals) = postSolution
	EndGlobalSection
	GlobalSection(ExtensibilityAddIns) = postSolution
	EndGlobalSection
EndGlobal
